
Microsoft Visual Studio Solution File, Format Version 12.00
# Visual Studio Version 17
VisualStudioVersion = 17.10.35027.167
MinimumVisualStudioVersion = 10.0.40219.1
Project("{E24C65DC-7377-472B-9ABA-BC803B73C61A}") = "KafeProjesi", "KafeProjesi\", "{19D0DA8B-335C-4A2E-8042-E4BFB904DA5C}"
	ProjectSection(WebsiteProperties) = preProject
		TargetFrameworkMoniker = ".NETFramework,Version%3Dv4.8.1"
		Debug.AspNetCompiler.VirtualPath = "/localhost_62755"
		Debug.AspNetCompiler.PhysicalPath = "KafeProjesi\"
		Debug.AspNetCompiler.TargetPath = "PrecompiledWeb\localhost_62755\"
		Debug.AspNetCompiler.Updateable = "true"
		Debug.AspNetCompiler.ForceOverwrite = "true"
		Debug.AspNetCompiler.FixedNames = "false"
		Debug.AspNetCompiler.Debug = "True"
		Release.AspNetCompiler.VirtualPath = "/localhost_62755"
		Release.AspNetCompiler.PhysicalPath = "KafeProjesi\"
		Release.AspNetCompiler.TargetPath = "PrecompiledWeb\localhost_62755\"
		Release.AspNetCompiler.Updateable = "true"
		Release.AspNetCompiler.ForceOverwrite = "true"
		Release.AspNetCompiler.FixedNames = "false"
		Release.AspNetCompiler.Debug = "False"
		VWDPort = "62755"
		SlnRelativePath = "KafeProjesi\"
		DefaultWebSiteLanguage = "Visual C#"
	EndProjectSection
EndProject
Global
	GlobalSection(SolutionConfigurationPlatforms) = preSolution
		Debug|Any CPU = Debug|Any CPU
	EndGlobalSection
	GlobalSection(ProjectConfigurationPlatforms) = postSolution
		{19D0DA8B-335C-4A2E-8042-E4BFB904DA5C}.Debug|Any CPU.ActiveCfg = Debug|Any CPU
		{19D0DA8B-335C-4A2E-8042-E4BFB904DA5C}.Debug|Any CPU.Build.0 = Debug|Any CPU
	EndGlobalSection
	GlobalSection(SolutionProperties) = preSolution
		HideSolutionNode = FALSE
	EndGlobalSection
	GlobalSection(ExtensibilityGlobals) = postSolution
		SolutionGuid = {E9D79B0D-5D25-4C0A-923D-D94374F57BA7}
	EndGlobalSection
EndGlobal
